
Microsoft Visual Studio Solution File, Format Version 12.00
# Visual Studio Version 17
VisualStudioVersion = 17.1.32407.343
MinimumVisualStudioVersion = 10.0.40219.1
Project("{9A19103F-16F7-4668-BE54-9A1E7A4F7556}") = "DS-Arrays", "MasterTheCodingInterview_DSA\DS-Arrays\DS-Arrays.csproj", "{E00BD45C-5514-45D7-B599-B0D1B8E5FBD1}"
EndProject
Project("{FAE04EC0-301F-11D3-BF4B-00C04F79EFBC}") = "DS-HashMaps", "MasterTheCodingInterview_DSA\DS-HashMaps\DS-HashMaps.csproj", "{F8AEE3C5-1543-421A-BEA8-A21170B99E3E}"
EndProject
Global
	GlobalSection(SolutionConfigurationPlatforms) = preSolution
		Debug|Any CPU = Debug|Any CPU
		Release|Any CPU = Release|Any CPU
	EndGlobalSection
	GlobalSection(ProjectConfigurationPlatforms) = postSolution
		{E00BD45C-5514-45D7-B599-B0D1B8E5FBD1}.Debug|Any CPU.ActiveCfg = Debug|Any CPU
		{E00BD45C-5514-45D7-B599-B0D1B8E5FBD1}.Debug|Any CPU.Build.0 = Debug|Any CPU
		{E00BD45C-5514-45D7-B599-B0D1B8E5FBD1}.Release|Any CPU.ActiveCfg = Release|Any CPU
		{E00BD45C-5514-45D7-B599-B0D1B8E5FBD1}.Release|Any CPU.Build.0 = Release|Any CPU
		{F8AEE3C5-1543-421A-BEA8-A21170B99E3E}.Debug|Any CPU.ActiveCfg = Debug|Any CPU
		{F8AEE3C5-1543-421A-BEA8-A21170B99E3E}.Debug|Any CPU.Build.0 = Debug|Any CPU
		{F8AEE3C5-1543-421A-BEA8-A21170B99E3E}.Release|Any CPU.ActiveCfg = Release|Any CPU
		{F8AEE3C5-1543-421A-BEA8-A21170B99E3E}.Release|Any CPU.Build.0 = Release|Any CPU
	EndGlobalSection
	GlobalSection(SolutionProperties) = preSolution
		HideSolutionNode = FALSE
	EndGlobalSection
	GlobalSection(ExtensibilityGlobals) = postSolution
		SolutionGuid = {3BB1B90C-658B-4B89-9591-8A7FCB28EC4C}
	EndGlobalSection
EndGlobal
